PODS:
  - Alamofire (4.7.3)
  - SwiftyJSON (4.0.0)
  - TestPushNotification (1.1):
    - Alamofire (~> 4.7)
    - SwiftyJSON (= 4.0)

DEPENDENCIES:
  - TestPushNotification (from `../`)

SPEC REPOS:
  https://github.com/CocoaPods/Specs.git:
    - Alamofire
    - SwiftyJSON

EXTERNAL SOURCES:
  TestPushNotification:
    :path: "../"

SPEC CHECKSUMS:
  Alamofire: c7287b6e5d7da964a70935e5db17046b7fde6568
  SwiftyJSON: 070dabdcb1beb81b247c65ffa3a79dbbfb3b48aa
  TestPushNotification: f53dcbcf8cf5355d08da53cae0010cb1f9091a05

PODFILE CHECKSUM: 0722a48781d2f3ee165b9b0e52c532dca9661d3c

COCOAPODS: 1.8.4
